// !$*UTF8*$!
{
	archiveVersion = 1;
	classes = {
	};
	objectVersion = 50;
	objects = {

/* Begin PBXBuildFile section */
		6440586F221F055500761D3E /* AddWineViewController.m in Sources */ = {isa = PBXBuildFile; fileRef = 6440586E221F055500761D3E /* AddWineViewController.m */; };
		64E06E7D221D8CB8000718C2 /* AppDelegate.m in Sources */ = {isa = PBXBuildFile; fileRef = 64E06E7C221D8CB8000718C2 /* AppDelegate.m */; };
		64E06E83221D8CB8000718C2 /* Main.storyboard in Resources */ = {isa = PBXBuildFile; fileRef = 64E06E81221D8CB8000718C2 /* Main.storyboard */; };
		64E06E85221D8CBA000718C2 /* Assets.xcassets in Resources */ = {isa = PBXBuildFile; fileRef = 64E06E84221D8CBA000718C2 /* Assets.xcassets */; };
		64E06E88221D8CBA000718C2 /* LaunchScreen.storyboard in Resources */ = {isa = PBXBuildFile; fileRef = 64E06E86221D8CBA000718C2 /* LaunchScreen.storyboard */; };
		64E06E8B221D8CBA000718C2 /* main.m in Sources */ = {isa = PBXBuildFile; fileRef = 64E06E8A221D8CBA000718C2 /* main.m */; };
		64E06E93221D8D9F000718C2 /* WineListTableViewController.m in Sources */ = {isa = PBXBuildFile; fileRef = 64E06E92221D8D9F000718C2 /* WineListTableViewController.m */; };
		64E06E96221D9DD0000718C2 /* TableViewCell.m in Sources */ = {isa = PBXBuildFile; fileRef = 64E06E95221D9DD0000718C2 /* TableViewCell.m */; };
		64E06E99221DB630000718C2 /* DetailViewController.m in Sources */ = {isa = PBXBuildFile; fileRef = 64E06E98221DB630000718C2 /* DetailViewController.m */; };
/* End PBXBuildFile section */

/* Begin PBXFileReference section */
		6440586D221F055500761D3E /* AddWineViewController.h */ = {isa = PBXFileReference; lastKnownFileType = sourcecode.c.h; path = AddWineViewController.h; sourceTree = "<group>"; };
		6440586E221F055500761D3E /* AddWineViewController.m */ = {isa = PBXFileReference; lastKnownFileType = sourcecode.c.objc; path = AddWineViewController.m; sourceTree = "<group>"; };
		64E06E78221D8CB8000718C2 /* Labb2.app */ = {isa = PBXFileReference; explicitFileType = wrapper.application; includeInIndex = 0; path = Labb2.app; sourceTree = BUILT_PRODUCTS_DIR; };
		64E06E7B221D8CB8000718C2 /* AppDelegate.h */ = {isa = PBXFileReference; lastKnownFileType = sourcecode.c.h; path = AppDelegate.h; sourceTree = "<group>"; };
		64E06E7C221D8CB8000718C2 /* AppDelegate.m */ = {isa = PBXFileReference; lastKnownFileType = sourcecode.c.objc; path = AppDelegate.m; sourceTree = "<group>"; };
		64E06E82221D8CB8000718C2 /* Base */ = {isa = PBXFileReference; lastKnownFileType = file.storyboard; name = Base; path = Base.lproj/Main.storyboard; sourceTree = "<group>"; };
		64E06E84221D8CBA000718C2 /* Assets.xcassets */ = {isa = PBXFileReference; lastKnownFileType = folder.assetcatalog; path = Assets.xcassets; sourceTree = "<group>"; };
		64E06E87221D8CBA000718C2 /* Base */ = {isa = PBXFileReference; lastKnownFileType = file.storyboard; name = Base; path = Base.lproj/LaunchScreen.storyboard; sourceTree = "<group>"; };
		64E06E89221D8CBA000718C2 /* Info.plist */ = {isa = PBXFileReference; lastKnownFileType = text.plist.xml; path = Info.plist; sourceTree = "<group>"; };
		64E06E8A221D8CBA000718C2 /* main.m */ = {isa = PBXFileReference; lastKnownFileType = sourcecode.c.objc; path = main.m; sourceTree = "<group>"; };
		64E06E91221D8D9F000718C2 /* WineListTableViewController.h */ = {isa = PBXFileReference; lastKnownFileType = sourcecode.c.h; path = WineListTableViewController.h; sourceTree = "<group>"; };
		64E06E92221D8D9F000718C2 /* WineListTableViewController.m */ = {isa = PBXFileReference; lastKnownFileType = sourcecode.c.objc; path = WineListTableViewController.m; sourceTree = "<group>"; };
		64E06E94221D9DD0000718C2 /* TableViewCell.h */ = {isa = PBXFileReference; lastKnownFileType = sourcecode.c.h; path = TableViewCell.h; sourceTree = "<group>"; };
		64E06E95221D9DD0000718C2 /* TableViewCell.m */ = {isa = PBXFileReference; lastKnownFileType = sourcecode.c.objc; path = TableViewCell.m; sourceTree = "<group>"; };
		64E06E97221DB630000718C2 /* DetailViewController.h */ = {isa = PBXFileReference; lastKnownFileType = sourcecode.c.h; path = DetailViewController.h; sourceTree = "<group>"; };
		64E06E98221DB630000718C2 /* DetailViewController.m */ = {isa = PBXFileReference; lastKnownFileType = sourcecode.c.objc; path = DetailViewController.m; sourceTree = "<group>"; };
/* End PBXFileReference section */

/* Begin PBXFrameworksBuildPhase section */
		64E06E75221D8CB8000718C2 /* Frameworks */ = {
			isa = PBXFrameworksBuildPhase;
			buildActionMask = 2147483647;
			files = (
			);
			runOnlyForDeploymentPostprocessing = 0;
		};
/* End PBXFrameworksBuildPhase section */

/* Begin PBXGroup section */
		64E06E6F221D8CB8000718C2 = {
			isa = PBXGroup;
			children = (
				64E06E7A221D8CB8000718C2 /* Labb2 */,
				64E06E79221D8CB8000718C2 /* Products */,
			);
			sourceTree = "<group>";
		};
		64E06E79221D8CB8000718C2 /* Products */ = {
			isa = PBXGroup;
			children = (
				64E06E78221D8CB8000718C2 /* Labb2.app */,
			);
			name = Products;
			sourceTree = "<group>";
		};
		64E06E7A221D8CB8000718C2 /* Labb2 */ = {
			isa = PBXGroup;
			children = (
				64E06E7B221D8CB8000718C2 /* AppDelegate.h */,
				64E06E7C221D8CB8000718C2 /* AppDelegate.m */,
				64E06E84221D8CBA000718C2 /* Assets.xcassets */,
				64E06E97221DB630000718C2 /* DetailViewController.h */,
				64E06E98221DB630000718C2 /* DetailViewController.m */,
				64E06E89221D8CBA000718C2 /* Info.plist */,
				64E06E86221D8CBA000718C2 /* LaunchScreen.storyboard */,
				64E06E8A221D8CBA000718C2 /* main.m */,
				64E06E81221D8CB8000718C2 /* Main.storyboard */,
				64E06E94221D9DD0000718C2 /* TableViewCell.h */,
				64E06E95221D9DD0000718C2 /* TableViewCell.m */,
				64E06E91221D8D9F000718C2 /* WineListTableViewController.h */,
				64E06E92221D8D9F000718C2 /* WineListTableViewController.m */,
				6440586D221F055500761D3E /* AddWineViewController.h */,
				6440586E221F055500761D3E /* AddWineViewController.m */,
			);
			path = Labb2;
			sourceTree = "<group>";
		};
/* End PBXGroup section */

/* Begin PBXNativeTarget section */
		64E06E77221D8CB8000718C2 /* Labb2 */ = {
			isa = PBXNativeTarget;
			buildConfigurationList = 64E06E8E221D8CBA000718C2 /* Build configuration list for PBXNativeTarget "Labb2" */;
			buildPhases = (
				64E06E74221D8CB8000718C2 /* Sources */,
				64E06E75221D8CB8000718C2 /* Frameworks */,
				64E06E76221D8CB8000718C2 /* Resources */,
			);
			buildRules = (
			);
			dependencies = (
			);
			name = Labb2;
			productName = Labb2;
			productReference = 64E06E78221D8CB8000718C2 /* Labb2.app */;
			productType = "com.apple.product-type.application";
		};
/* End PBXNativeTarget section */

/* Begin PBXProject section */
		64E06E70221D8CB8000718C2 /* Project object */ = {
			isa = PBXProject;
			attributes = {
				LastUpgradeCheck = 1010;
				ORGANIZATIONNAME = "Elisabeth Roozen";
				TargetAttributes = {
					64E06E77221D8CB8000718C2 = {
						CreatedOnToolsVersion = 10.1;
					};
				};
			};
			buildConfigurationList = 64E06E73221D8CB8000718C2 /* Build configuration list for PBXProject "Labb2" */;
			compatibilityVersion = "Xcode 9.3";
			developmentRegion = en;
			hasScannedForEncodings = 0;
			knownRegions = (
				en,
				Base,
			);
			mainGroup = 64E06E6F221D8CB8000718C2;
			productRefGroup = 64E06E79221D8CB8000718C2 /* Products */;
			projectDirPath = "";
			projectRoot = "";
			targets = (
				64E06E77221D8CB8000718C2 /* Labb2 */,
			);
		};
/* End PBXProject section */

/* Begin PBXResourcesBuildPhase section */
		64E06E76221D8CB8000718C2 /* Resources */ = {
			isa = PBXResourcesBuildPhase;
			buildActionMask = 2147483647;
			files = (
				64E06E88221D8CBA000718C2 /* LaunchScreen.storyboard in Resources */,
				64E06E85221D8CBA000718C2 /* Assets.xcassets in Resources */,
				64E06E83221D8CB8000718C2 /* Main.storyboard in Resources */,
			);
			runOnlyForDeploymentPostprocessing = 0;
		};
/* End PBXResourcesBuildPhase section */

/* Begin PBXSourcesBuildPhase section */
		64E06E74221D8CB8000718C2 /* Sources */ = {
			isa = PBXSourcesBuildPhase;
			buildActionMask = 2147483647;
			files = (
				64E06E99221DB630000718C2 /* DetailViewController.m in Sources */,
				64E06E8B221D8CBA000718C2 /* main.m in Sources */,
				6440586F221F055500761D3E /* AddWineViewController.m in Sources */,
				64E06E96221D9DD0000718C2 /* TableViewCell.m in Sources */,
				64E06E7D221D8CB8000718C2 /* AppDelegate.m in Sources */,
				64E06E93221D8D9F000718C2 /* WineListTableViewController.m in Sources */,
			);
			runOnlyForDeploymentPostprocessing = 0;
		};
/* End PBXSourcesBuildPhase section */

/* Begin PBXVariantGroup section */
		64E06E81221D8CB8000718C2 /* Main.storyboard */ = {
			isa = PBXVariantGroup;
			children = (
				64E06E82221D8CB8000718C2 /* Base */,
			);
			name = Main.storyboard;
			sourceTree = "<group>";
		};
		64E06E86221D8CBA000718C2 /* LaunchScreen.storyboard */ = {
			isa = PBXVariantGroup;
			children = (
				64E06E87221D8CBA000718C2 /* Base */,
			);
			name = LaunchScreen.storyboard;
			sourceTree = "<group>";
		};
/* End PBXVariantGroup section */

/* Begin XCBuildConfiguration section */
		64E06E8C221D8CBA000718C2 /* Debug */ = {
			isa = XCBuildConfiguration;
			buildSettings = {
				ALWAYS_SEARCH_USER_PATHS = NO;
				CLANG_ANALYZER_NONNULL = YES;
				CLANG_ANALYZER_NUMBER_OBJECT_CONVERSION = YES_AGGRESSIVE;
				CLANG_CXX_LANGUAGE_STANDARD = "gnu++14";
				CLANG_CXX_LIBRARY = "libc++";
				CLANG_ENABLE_MODULES = YES;
				CLANG_ENABLE_OBJC_ARC = YES;
				CLANG_ENABLE_OBJC_WEAK = YES;
				CLANG_WARN_BLOCK_CAPTURE_AUTORELEASING = YES;
				CLANG_WARN_BOOL_CONVERSION = YES;
				CLANG_WARN_COMMA = YES;
				CLANG_WARN_CONSTANT_CONVERSION = YES;
				CLANG_WARN_DEPRECATED_OBJC_IMPLEMENTATIONS = YES;
				CLANG_WARN_DIRECT_OBJC_ISA_USAGE = YES_ERROR;
				CLANG_WARN_DOCUMENTATION_COMMENTS = YES;
				CLANG_WARN_EMPTY_BODY = YES;
				CLANG_WARN_ENUM_CONVERSION = YES;
				CLANG_WARN_INFINITE_RECURSION = YES;
				CLANG_WARN_INT_CONVERSION = YES;
				CLANG_WARN_NON_LITERAL_NULL_CONVERSION = YES;
				CLANG_WARN_OBJC_IMPLICIT_RETAIN_SELF = YES;
				CLANG_WARN_OBJC_LITERAL_CONVERSION = YES;
				CLANG_WARN_OBJC_ROOT_CLASS = YES_ERROR;
				CLANG_WARN_RANGE_LOOP_ANALYSIS = YES;
				CLANG_WARN_STRICT_PROTOTYPES = YES;
				CLANG_WARN_SUSPICIOUS_MOVE = YES;
				CLANG_WARN_UNGUARDED_AVAILABILITY = YES_AGGRESSIVE;
				CLANG_WARN_UNREACHABLE_CODE = YES;
				CLANG_WARN__DUPLICATE_METHOD_MATCH = YES;
				CODE_SIGN_IDENTITY = "iPhone Developer";
				COPY_PHASE_STRIP = NO;
				DEBUG_INFORMATION_FORMAT = dwarf;
				ENABLE_STRICT_OBJC_MSGSEND = YES;
				ENABLE_TESTABILITY = YES;
				GCC_C_LANGUAGE_STANDARD = gnu11;
				GCC_DYNAMIC_NO_PIC = NO;
				GCC_NO_COMMON_BLOCKS = YES;
				GCC_OPTIMIZATION_LEVEL = 0;
				GCC_PREPROCESSOR_DEFINITIONS = (
					"DEBUG=1",
					"$(inherited)",
				);
				GCC_WARN_64_TO_32_BIT_CONVERSION = YES;
				GCC_WARN_ABOUT_RETURN_TYPE = YES_ERROR;
				GCC_WARN_UNDECLARED_SELECTOR = YES;
				GCC_WARN_UNINITIALIZED_AUTOS = YES_AGGRESSIVE;
				GCC_WARN_UNUSED_FUNCTION = YES;
				GCC_WARN_UNUSED_VARIABLE = YES;
				IPHONEOS_DEPLOYMENT_TARGET = 12.1;
				MTL_ENABLE_DEBUG_INFO = INCLUDE_SOURCE;
				MTL_FAST_MATH = YES;
				ONLY_ACTIVE_ARCH = YES;
				SDKROOT = iphoneos;
			};
			name = Debug;
		};
		64E06E8D221D8CBA000718C2 /* Release */ = {
			isa = XCBuildConfiguration;
			buildSettings = {
				ALWAYS_SEARCH_USER_PATHS = NO;
				CLANG_ANALYZER_NONNULL = YES;
				CLANG_ANALYZER_NUMBER_OBJECT_CONVERSION = YES_AGGRESSIVE;
				CLANG_CXX_LANGUAGE_STANDARD = "gnu++14";
				CLANG_CXX_LIBRARY = "libc++";
				CLANG_ENABLE_MODULES = YES;
				CLANG_ENABLE_OBJC_ARC = YES;
				CLANG_ENABLE_OBJC_WEAK = YES;
				CLANG_WARN_BLOCK_CAPTURE_AUTORELEASING = YES;
				CLANG_WARN_BOOL_CONVERSION = YES;
				CLANG_WARN_COMMA = YES;
				CLANG_WARN_CONSTANT_CONVERSION = YES;
				CLANG_WARN_DEPRECATED_OBJC_IMPLEMENTATIONS = YES;
				CLANG_WARN_DIRECT_OBJC_ISA_USAGE = YES_ERROR;
				CLANG_WARN_DOCUMENTATION_COMMENTS = YES;
				CLANG_WARN_EMPTY_BODY = YES;
				CLANG_WARN_ENUM_CONVERSION = YES;
				CLANG_WARN_INFINITE_RECURSION = YES;
				CLANG_WARN_INT_CONVERSION = YES;
				CLANG_WARN_NON_LITERAL_NULL_CONVERSION = YES;
				CLANG_WARN_OBJC_IMPLICIT_RETAIN_SELF = YES;
				CLANG_WARN_OBJC_LITERAL_CONVERSION = YES;
				CLANG_WARN_OBJC_ROOT_CLASS = YES_ERROR;
				CLANG_WARN_RANGE_LOOP_ANALYSIS = YES;
				CLANG_WARN_STRICT_PROTOTYPES = YES;
				CLANG_WARN_SUSPICIOUS_MOVE = YES;
				CLANG_WARN_UNGUARDED_AVAILABILITY = YES_AGGRESSIVE;
				CLANG_WARN_UNREACHABLE_CODE = YES;
				CLANG_WARN__DUPLICATE_METHOD_MATCH = YES;
				CODE_SIGN_IDENTITY = "iPhone Developer";
				COPY_PHASE_STRIP = NO;
				DEBUG_INFORMATION_FORMAT = "dwarf-with-dsym";
				ENABLE_NS_ASSERTIONS = NO;
				ENABLE_STRICT_OBJC_MSGSEND = YES;
				GCC_C_LANGUAGE_STANDARD = gnu11;
				GCC_NO_COMMON_BLOCKS = YES;
				GCC_WARN_64_TO_32_BIT_CONVERSION = YES;
				GCC_WARN_ABOUT_RETURN_TYPE = YES_ERROR;
				GCC_WARN_UNDECLARED_SELECTOR = YES;
				GCC_WARN_UNINITIALIZED_AUTOS = YES_AGGRESSIVE;
				GCC_WARN_UNUSED_FUNCTION = YES;
				GCC_WARN_UNUSED_VARIABLE = YES;
				IPHONEOS_DEPLOYMENT_TARGET = 12.1;
				MTL_ENABLE_DEBUG_INFO = NO;
				MTL_FAST_MATH = YES;
				SDKROOT = iphoneos;
				VALIDATE_PRODUCT = YES;
			};
			name = Release;
		};
		64E06E8F221D8CBA000718C2 /* Debug */ = {
			isa = XCBuildConfiguration;
			buildSettings = {
				ASSETCATALOG_COMPILER_APPICON_NAME = AppIcon;
				CODE_SIGN_STYLE = Automatic;
				INFOPLIST_FILE = Labb2/Info.plist;
				LD_RUNPATH_SEARCH_PATHS = (
					"$(inherited)",
					"@executable_path/Frameworks",
				);
				PRODUCT_BUNDLE_IDENTIFIER = Team.Labb2;
				PRODUCT_NAME = "$(TARGET_NAME)";
				TARGETED_DEVICE_FAMILY = "1,2";
			};
			name = Debug;
		};
		64E06E90221D8CBA000718C2 /* Release */ = {
			isa = XCBuildConfiguration;
			buildSettings = {
				ASSETCATALOG_COMPILER_APPICON_NAME = AppIcon;
				CODE_SIGN_STYLE = Automatic;
				INFOPLIST_FILE = Labb2/Info.plist;
				LD_RUNPATH_SEARCH_PATHS = (
					"$(inherited)",
					"@executable_path/Frameworks",
				);
				PRODUCT_BUNDLE_IDENTIFIER = Team.Labb2;
				PRODUCT_NAME = "$(TARGET_NAME)";
				TARGETED_DEVICE_FAMILY = "1,2";
			};
			name = Release;
		};
/* End XCBuildConfiguration section */

/* Begin XCConfigurationList section */
		64E06E73221D8CB8000718C2 /* Build configuration list for PBXProject "Labb2" */ = {
			isa = XCConfigurationList;
			buildConfigurations = (
				64E06E8C221D8CBA000718C2 /* Debug */,
				64E06E8D221D8CBA000718C2 /* Release */,
			);
			defaultConfigurationIsVisible = 0;
			defaultConfigurationName = Release;
		};
		64E06E8E221D8CBA000718C2 /* Build configuration list for PBXNativeTarget "Labb2" */ = {
			isa = XCConfigurationList;
			buildConfigurations = (
				64E06E8F221D8CBA000718C2 /* Debug */,
				64E06E90221D8CBA000718C2 /* Release */,
			);
			defaultConfigurationIsVisible = 0;
			defaultConfigurationName = Release;
		};
/* End XCConfigurationList section */
	};
	rootObject = 64E06E70221D8CB8000718C2 /* Project object */;
}
